
Microsoft Visual Studio Solution File, Format Version 12.00
# Visual Studio Version 16
VisualStudioVersion = 16.0.31005.135
MinimumVisualStudioVersion = 10.0.40219.1
Project("{FAE04EC0-301F-11D3-BF4B-00C04F79EFBC}") = "PerlinNoise", "PerlinNoise\PerlinNoise.csproj", "{CA618BCB-9761-4044-AD89-B5E777B12446}"
EndProject
Global
	GlobalSection(SolutionConfigurationPlatforms) = preSolution
		Debug|Any CPU = Debug|Any CPU
		Release|Any CPU = Release|Any CPU
	EndGlobalSection
	GlobalSection(ProjectConfigurationPlatforms) = postSolution
		{CA618BCB-9761-4044-AD89-B5E777B12446}.Debug|Any CPU.ActiveCfg = Debug|Any CPU
		{CA618BCB-9761-4044-AD89-B5E777B12446}.Debug|Any CPU.Build.0 = Debug|Any CPU
		{CA618BCB-9761-4044-AD89-B5E777B12446}.Release|Any CPU.ActiveCfg = Release|Any CPU
		{CA618BCB-9761-4044-AD89-B5E777B12446}.Release|Any CPU.Build.0 = Release|Any CPU
	EndGlobalSection
	GlobalSection(SolutionProperties) = preSolution
		HideSolutionNode = FALSE
	EndGlobalSection
	GlobalSection(ExtensibilityGlobals) = postSolution
		SolutionGuid = {BC406D9E-BE25-40FB-B6DE-AA768E200364}
	EndGlobalSection
EndGlobal
